
Microsoft Visual Studio Solution File, Format Version 12.00
# Visual Studio Version 17
VisualStudioVersion = 17.10.34916.146
MinimumVisualStudioVersion = 10.0.40219.1
Project("{FAE04EC0-301F-11D3-BF4B-00C04F79EFBC}") = "PAMCalculator", "PAMCalculator\PAMCalculator.csproj", "{EEC4B1BE-EBCF-4798-B739-7D4FAB01B58A}"
EndProject
Global
	GlobalSection(SolutionConfigurationPlatforms) = preSolution
		Debug|Any CPU = Debug|Any CPU
		Release|Any CPU = Release|Any CPU
	EndGlobalSection
	GlobalSection(ProjectConfigurationPlatforms) = postSolution
		{EEC4B1BE-EBCF-4798-B739-7D4FAB01B58A}.Debug|Any CPU.ActiveCfg = Debug|Any CPU
		{EEC4B1BE-EBCF-4798-B739-7D4FAB01B58A}.Debug|Any CPU.Build.0 = Debug|Any CPU
		{EEC4B1BE-EBCF-4798-B739-7D4FAB01B58A}.Debug|Any CPU.Deploy.0 = Debug|Any CPU
		{EEC4B1BE-EBCF-4798-B739-7D4FAB01B58A}.Release|Any CPU.ActiveCfg = Release|Any CPU
		{EEC4B1BE-EBCF-4798-B739-7D4FAB01B58A}.Release|Any CPU.Build.0 = Release|Any CPU
		{EEC4B1BE-EBCF-4798-B739-7D4FAB01B58A}.Release|Any CPU.Deploy.0 = Release|Any CPU
	EndGlobalSection
	GlobalSection(SolutionProperties) = preSolution
		HideSolutionNode = FALSE
	EndGlobalSection
	GlobalSection(ExtensibilityGlobals) = postSolution
		SolutionGuid = {F3EEA0CA-7E7B-412A-9813-8C1B66E312CD}
	EndGlobalSection
EndGlobal
